// !$*UTF8*$!
{
	archiveVersion = 1;
	classes = {
	};
	objectVersion = 56;
	objects = {

/* Begin PBXBuildFile section */
		4F4ABE862B11FC6F000D8766 /* AppDelegate.swift in Sources */ = {isa = PBXBuildFile; fileRef = 4F4ABE852B11FC6F000D8766 /* AppDelegate.swift */; };
		4F4ABE882B11FC6F000D8766 /* SceneDelegate.swift in Sources */ = {isa = PBXBuildFile; fileRef = 4F4ABE872B11FC6F000D8766 /* SceneDelegate.swift */; };
		4F4ABE8A2B11FC6F000D8766 /* EpisodesViewController.swift in Sources */ = {isa = PBXBuildFile; fileRef = 4F4ABE892B11FC6F000D8766 /* EpisodesViewController.swift */; };
		4F4ABE8D2B11FC6F000D8766 /* Main.storyboard in Resources */ = {isa = PBXBuildFile; fileRef = 4F4ABE8B2B11FC6F000D8766 /* Main.storyboard */; };
		4F4ABE8F2B11FC70000D8766 /* Assets.xcassets in Resources */ = {isa = PBXBuildFile; fileRef = 4F4ABE8E2B11FC70000D8766 /* Assets.xcassets */; };
		4F4ABE922B11FC70000D8766 /* LaunchScreen.storyboard in Resources */ = {isa = PBXBuildFile; fileRef = 4F4ABE902B11FC70000D8766 /* LaunchScreen.storyboard */; };
		4F4ABE9A2B11FFFB000D8766 /* CharacterViewController.swift in Sources */ = {isa = PBXBuildFile; fileRef = 4F4ABE992B11FFFB000D8766 /* CharacterViewController.swift */; };
		4F4ABE9C2B120017000D8766 /* FavouritesViewController.swift in Sources */ = {isa = PBXBuildFile; fileRef = 4F4ABE9B2B120017000D8766 /* FavouritesViewController.swift */; };
		4F4ABE9E2B1200B9000D8766 /* NetworkManager.swift in Sources */ = {isa = PBXBuildFile; fileRef = 4F4ABE9D2B1200B9000D8766 /* NetworkManager.swift */; };
		4F4ABEA02B120250000D8766 /* TabBarController.swift in Sources */ = {isa = PBXBuildFile; fileRef = 4F4ABE9F2B120250000D8766 /* TabBarController.swift */; };
		4F4ABEA22B1209AC000D8766 /* EpisodesSource.swift in Sources */ = {isa = PBXBuildFile; fileRef = 4F4ABEA12B1209AC000D8766 /* EpisodesSource.swift */; };
		4F4ABEA42B1219A5000D8766 /* EpisodeCollectionViewCell.swift in Sources */ = {isa = PBXBuildFile; fileRef = 4F4ABEA32B1219A5000D8766 /* EpisodeCollectionViewCell.swift */; };
		4F4ABEA62B121B9F000D8766 /* ImagesExtension.swift in Sources */ = {isa = PBXBuildFile; fileRef = 4F4ABEA52B121B9E000D8766 /* ImagesExtension.swift */; };
		4F4ABEA82B1373F9000D8766 /* LaunchScreenViewController.swift in Sources */ = {isa = PBXBuildFile; fileRef = 4F4ABEA72B1373F9000D8766 /* LaunchScreenViewController.swift */; };
		4F4ABEAC2B139D1E000D8766 /* PersonagesSource.swift in Sources */ = {isa = PBXBuildFile; fileRef = 4F4ABEAB2B139D1E000D8766 /* PersonagesSource.swift */; };
		4F4ABEAE2B13B50D000D8766 /* CharacterTableViewCell.swift in Sources */ = {isa = PBXBuildFile; fileRef = 4F4ABEAD2B13B50D000D8766 /* CharacterTableViewCell.swift */; };
/* End PBXBuildFile section */

/* Begin PBXFileReference section */
		4F4ABE822B11FC6F000D8766 /* Test-task-for-Roadmap24.app */ = {isa = PBXFileReference; explicitFileType = wrapper.application; includeInIndex = 0; path = "Test-task-for-Roadmap24.app"; sourceTree = BUILT_PRODUCTS_DIR; };
		4F4ABE852B11FC6F000D8766 /* AppDelegate.swift */ = {isa = PBXFileReference; lastKnownFileType = sourcecode.swift; path = AppDelegate.swift; sourceTree = "<group>"; };
		4F4ABE872B11FC6F000D8766 /* SceneDelegate.swift */ = {isa = PBXFileReference; lastKnownFileType = sourcecode.swift; path = SceneDelegate.swift; sourceTree = "<group>"; };
		4F4ABE892B11FC6F000D8766 /* EpisodesViewController.swift */ = {isa = PBXFileReference; lastKnownFileType = sourcecode.swift; path = EpisodesViewController.swift; sourceTree = "<group>"; };
		4F4ABE8C2B11FC6F000D8766 /* Base */ = {isa = PBXFileReference; lastKnownFileType = file.storyboard; name = Base; path = Base.lproj/Main.storyboard; sourceTree = "<group>"; };
		4F4ABE8E2B11FC70000D8766 /* Assets.xcassets */ = {isa = PBXFileReference; lastKnownFileType = folder.assetcatalog; path = Assets.xcassets; sourceTree = "<group>"; };
		4F4ABE912B11FC70000D8766 /* Base */ = {isa = PBXFileReference; lastKnownFileType = file.storyboard; name = Base; path = Base.lproj/LaunchScreen.storyboard; sourceTree = "<group>"; };
		4F4ABE932B11FC70000D8766 /* Info.plist */ = {isa = PBXFileReference; lastKnownFileType = text.plist.xml; path = Info.plist; sourceTree = "<group>"; };
		4F4ABE992B11FFFB000D8766 /* CharacterViewController.swift */ = {isa = PBXFileReference; lastKnownFileType = sourcecode.swift; path = CharacterViewController.swift; sourceTree = "<group>"; };
		4F4ABE9B2B120017000D8766 /* FavouritesViewController.swift */ = {isa = PBXFileReference; lastKnownFileType = sourcecode.swift; path = FavouritesViewController.swift; sourceTree = "<group>"; };
		4F4ABE9D2B1200B9000D8766 /* NetworkManager.swift */ = {isa = PBXFileReference; lastKnownFileType = sourcecode.swift; path = NetworkManager.swift; sourceTree = "<group>"; };
		4F4ABE9F2B120250000D8766 /* TabBarController.swift */ = {isa = PBXFileReference; lastKnownFileType = sourcecode.swift; path = TabBarController.swift; sourceTree = "<group>"; };
		4F4ABEA12B1209AC000D8766 /* EpisodesSource.swift */ = {isa = PBXFileReference; lastKnownFileType = sourcecode.swift; path = EpisodesSource.swift; sourceTree = "<group>"; };
		4F4ABEA32B1219A5000D8766 /* EpisodeCollectionViewCell.swift */ = {isa = PBXFileReference; lastKnownFileType = sourcecode.swift; path = EpisodeCollectionViewCell.swift; sourceTree = "<group>"; };
		4F4ABEA52B121B9E000D8766 /* ImagesExtension.swift */ = {isa = PBXFileReference; lastKnownFileType = sourcecode.swift; path = ImagesExtension.swift; sourceTree = "<group>"; };
		4F4ABEA72B1373F9000D8766 /* LaunchScreenViewController.swift */ = {isa = PBXFileReference; lastKnownFileType = sourcecode.swift; path = LaunchScreenViewController.swift; sourceTree = "<group>"; };
		4F4ABEAB2B139D1E000D8766 /* PersonagesSource.swift */ = {isa = PBXFileReference; lastKnownFileType = sourcecode.swift; path = PersonagesSource.swift; sourceTree = "<group>"; };
		4F4ABEAD2B13B50D000D8766 /* CharacterTableViewCell.swift */ = {isa = PBXFileReference; lastKnownFileType = sourcecode.swift; path = CharacterTableViewCell.swift; sourceTree = "<group>"; };
/* End PBXFileReference section */

/* Begin PBXFrameworksBuildPhase section */
		4F4ABE7F2B11FC6F000D8766 /* Frameworks */ = {
			isa = PBXFrameworksBuildPhase;
			buildActionMask = 2147483647;
			files = (
			);
			runOnlyForDeploymentPostprocessing = 0;
		};
/* End PBXFrameworksBuildPhase section */

/* Begin PBXGroup section */
		4F4ABE792B11FC6F000D8766 = {
			isa = PBXGroup;
			children = (
				4F4ABE842B11FC6F000D8766 /* Test-task-for-Roadmap24 */,
				4F4ABE832B11FC6F000D8766 /* Products */,
			);
			sourceTree = "<group>";
		};
		4F4ABE832B11FC6F000D8766 /* Products */ = {
			isa = PBXGroup;
			children = (
				4F4ABE822B11FC6F000D8766 /* Test-task-for-Roadmap24.app */,
			);
			name = Products;
			sourceTree = "<group>";
		};
		4F4ABE842B11FC6F000D8766 /* Test-task-for-Roadmap24 */ = {
			isa = PBXGroup;
			children = (
				4F4ABEA72B1373F9000D8766 /* LaunchScreenViewController.swift */,
				4F4ABE852B11FC6F000D8766 /* AppDelegate.swift */,
				4F4ABE872B11FC6F000D8766 /* SceneDelegate.swift */,
				4F4ABE9F2B120250000D8766 /* TabBarController.swift */,
				4F4ABE892B11FC6F000D8766 /* EpisodesViewController.swift */,
				4F4ABEA32B1219A5000D8766 /* EpisodeCollectionViewCell.swift */,
				4F4ABE992B11FFFB000D8766 /* CharacterViewController.swift */,
				4F4ABEAD2B13B50D000D8766 /* CharacterTableViewCell.swift */,
				4F4ABE9B2B120017000D8766 /* FavouritesViewController.swift */,
				4F4ABE9D2B1200B9000D8766 /* NetworkManager.swift */,
				4F4ABEAB2B139D1E000D8766 /* PersonagesSource.swift */,
				4F4ABEA12B1209AC000D8766 /* EpisodesSource.swift */,
				4F4ABEA52B121B9E000D8766 /* ImagesExtension.swift */,
				4F4ABE8B2B11FC6F000D8766 /* Main.storyboard */,
				4F4ABE8E2B11FC70000D8766 /* Assets.xcassets */,
				4F4ABE902B11FC70000D8766 /* LaunchScreen.storyboard */,
				4F4ABE932B11FC70000D8766 /* Info.plist */,
			);
			path = "Test-task-for-Roadmap24";
			sourceTree = "<group>";
		};
/* End PBXGroup section */

/* Begin PBXNativeTarget section */
		4F4ABE812B11FC6F000D8766 /* Test-task-for-Roadmap24 */ = {
			isa = PBXNativeTarget;
			buildConfigurationList = 4F4ABE962B11FC70000D8766 /* Build configuration list for PBXNativeTarget "Test-task-for-Roadmap24" */;
			buildPhases = (
				4F4ABE7E2B11FC6F000D8766 /* Sources */,
				4F4ABE7F2B11FC6F000D8766 /* Frameworks */,
				4F4ABE802B11FC6F000D8766 /* Resources */,
			);
			buildRules = (
			);
			dependencies = (
			);
			name = "Test-task-for-Roadmap24";
			productName = "Test-task-for-Roadmap24";
			productReference = 4F4ABE822B11FC6F000D8766 /* Test-task-for-Roadmap24.app */;
			productType = "com.apple.product-type.application";
		};
/* End PBXNativeTarget section */

/* Begin PBXProject section */
		4F4ABE7A2B11FC6F000D8766 /* Project object */ = {
			isa = PBXProject;
			attributes = {
				BuildIndependentTargetsInParallel = 1;
				LastSwiftUpdateCheck = 1420;
				LastUpgradeCheck = 1420;
				TargetAttributes = {
					4F4ABE812B11FC6F000D8766 = {
						CreatedOnToolsVersion = 14.2;
					};
				};
			};
			buildConfigurationList = 4F4ABE7D2B11FC6F000D8766 /* Build configuration list for PBXProject "Test-task-for-Roadmap24" */;
			compatibilityVersion = "Xcode 14.0";
			developmentRegion = en;
			hasScannedForEncodings = 0;
			knownRegions = (
				en,
				Base,
			);
			mainGroup = 4F4ABE792B11FC6F000D8766;
			productRefGroup = 4F4ABE832B11FC6F000D8766 /* Products */;
			projectDirPath = "";
			projectRoot = "";
			targets = (
				4F4ABE812B11FC6F000D8766 /* Test-task-for-Roadmap24 */,
			);
		};
/* End PBXProject section */

/* Begin PBXResourcesBuildPhase section */
		4F4ABE802B11FC6F000D8766 /* Resources */ = {
			isa = PBXResourcesBuildPhase;
			buildActionMask = 2147483647;
			files = (
				4F4ABE922B11FC70000D8766 /* LaunchScreen.storyboard in Resources */,
				4F4ABE8F2B11FC70000D8766 /* Assets.xcassets in Resources */,
				4F4ABE8D2B11FC6F000D8766 /* Main.storyboard in Resources */,
			);
			runOnlyForDeploymentPostprocessing = 0;
		};
/* End PBXResourcesBuildPhase section */

/* Begin PBXSourcesBuildPhase section */
		4F4ABE7E2B11FC6F000D8766 /* Sources */ = {
			isa = PBXSourcesBuildPhase;
			buildActionMask = 2147483647;
			files = (
				4F4ABE9E2B1200B9000D8766 /* NetworkManager.swift in Sources */,
				4F4ABEAE2B13B50D000D8766 /* CharacterTableViewCell.swift in Sources */,
				4F4ABE8A2B11FC6F000D8766 /* EpisodesViewController.swift in Sources */,
				4F4ABE9A2B11FFFB000D8766 /* CharacterViewController.swift in Sources */,
				4F4ABEA42B1219A5000D8766 /* EpisodeCollectionViewCell.swift in Sources */,
				4F4ABE862B11FC6F000D8766 /* AppDelegate.swift in Sources */,
				4F4ABEAC2B139D1E000D8766 /* PersonagesSource.swift in Sources */,
				4F4ABEA22B1209AC000D8766 /* EpisodesSource.swift in Sources */,
				4F4ABEA02B120250000D8766 /* TabBarController.swift in Sources */,
				4F4ABE9C2B120017000D8766 /* FavouritesViewController.swift in Sources */,
				4F4ABE882B11FC6F000D8766 /* SceneDelegate.swift in Sources */,
				4F4ABEA82B1373F9000D8766 /* LaunchScreenViewController.swift in Sources */,
				4F4ABEA62B121B9F000D8766 /* ImagesExtension.swift in Sources */,
			);
			runOnlyForDeploymentPostprocessing = 0;
		};
/* End PBXSourcesBuildPhase section */

/* Begin PBXVariantGroup section */
		4F4ABE8B2B11FC6F000D8766 /* Main.storyboard */ = {
			isa = PBXVariantGroup;
			children = (
				4F4ABE8C2B11FC6F000D8766 /* Base */,
			);
			name = Main.storyboard;
			sourceTree = "<group>";
		};
		4F4ABE902B11FC70000D8766 /* LaunchScreen.storyboard */ = {
			isa = PBXVariantGroup;
			children = (
				4F4ABE912B11FC70000D8766 /* Base */,
			);
			name = LaunchScreen.storyboard;
			sourceTree = "<group>";
		};
/* End PBXVariantGroup section */

/* Begin XCBuildConfiguration section */
		4F4ABE942B11FC70000D8766 /* Debug */ = {
			isa = XCBuildConfiguration;
			buildSettings = {
				ALWAYS_SEARCH_USER_PATHS = NO;
				CLANG_ANALYZER_NONNULL = YES;
				CLANG_ANALYZER_NUMBER_OBJECT_CONVERSION = YES_AGGRESSIVE;
				CLANG_CXX_LANGUAGE_STANDARD = "gnu++20";
				CLANG_ENABLE_MODULES = YES;
				CLANG_ENABLE_OBJC_ARC = YES;
				CLANG_ENABLE_OBJC_WEAK = YES;
				CLANG_WARN_BLOCK_CAPTURE_AUTORELEASING = YES;
				CLANG_WARN_BOOL_CONVERSION = YES;
				CLANG_WARN_COMMA = YES;
				CLANG_WARN_CONSTANT_CONVERSION = YES;
				CLANG_WARN_DEPRECATED_OBJC_IMPLEMENTATIONS = YES;
				CLANG_WARN_DIRECT_OBJC_ISA_USAGE = YES_ERROR;
				CLANG_WARN_DOCUMENTATION_COMMENTS = YES;
				CLANG_WARN_EMPTY_BODY = YES;
				CLANG_WARN_ENUM_CONVERSION = YES;
				CLANG_WARN_INFINITE_RECURSION = YES;
				CLANG_WARN_INT_CONVERSION = YES;
				CLANG_WARN_NON_LITERAL_NULL_CONVERSION = YES;
				CLANG_WARN_OBJC_IMPLICIT_RETAIN_SELF = YES;
				CLANG_WARN_OBJC_LITERAL_CONVERSION = YES;
				CLANG_WARN_OBJC_ROOT_CLASS = YES_ERROR;
				CLANG_WARN_QUOTED_INCLUDE_IN_FRAMEWORK_HEADER = YES;
				CLANG_WARN_RANGE_LOOP_ANALYSIS = YES;
				CLANG_WARN_STRICT_PROTOTYPES = YES;
				CLANG_WARN_SUSPICIOUS_MOVE = YES;
				CLANG_WARN_UNGUARDED_AVAILABILITY = YES_AGGRESSIVE;
				CLANG_WARN_UNREACHABLE_CODE = YES;
				CLANG_WARN__DUPLICATE_METHOD_MATCH = YES;
				COPY_PHASE_STRIP = NO;
				DEBUG_INFORMATION_FORMAT = dwarf;
				ENABLE_STRICT_OBJC_MSGSEND = YES;
				ENABLE_TESTABILITY = YES;
				GCC_C_LANGUAGE_STANDARD = gnu11;
				GCC_DYNAMIC_NO_PIC = NO;
				GCC_NO_COMMON_BLOCKS = YES;
				GCC_OPTIMIZATION_LEVEL = 0;
				GCC_PREPROCESSOR_DEFINITIONS = (
					"DEBUG=1",
					"$(inherited)",
				);
				GCC_WARN_64_TO_32_BIT_CONVERSION = YES;
				GCC_WARN_ABOUT_RETURN_TYPE = YES_ERROR;
				GCC_WARN_UNDECLARED_SELECTOR = YES;
				GCC_WARN_UNINITIALIZED_AUTOS = YES_AGGRESSIVE;
				GCC_WARN_UNUSED_FUNCTION = YES;
				GCC_WARN_UNUSED_VARIABLE = YES;
				IPHONEOS_DEPLOYMENT_TARGET = 16.2;
				MTL_ENABLE_DEBUG_INFO = INCLUDE_SOURCE;
				MTL_FAST_MATH = YES;
				ONLY_ACTIVE_ARCH = YES;
				SDKROOT = iphoneos;
				SWIFT_ACTIVE_COMPILATION_CONDITIONS = DEBUG;
				SWIFT_OPTIMIZATION_LEVEL = "-Onone";
			};
			name = Debug;
		};
		4F4ABE952B11FC70000D8766 /* Release */ = {
			isa = XCBuildConfiguration;
			buildSettings = {
				ALWAYS_SEARCH_USER_PATHS = NO;
				CLANG_ANALYZER_NONNULL = YES;
				CLANG_ANALYZER_NUMBER_OBJECT_CONVERSION = YES_AGGRESSIVE;
				CLANG_CXX_LANGUAGE_STANDARD = "gnu++20";
				CLANG_ENABLE_MODULES = YES;
				CLANG_ENABLE_OBJC_ARC = YES;
				CLANG_ENABLE_OBJC_WEAK = YES;
				CLANG_WARN_BLOCK_CAPTURE_AUTORELEASING = YES;
				CLANG_WARN_BOOL_CONVERSION = YES;
				CLANG_WARN_COMMA = YES;
				CLANG_WARN_CONSTANT_CONVERSION = YES;
				CLANG_WARN_DEPRECATED_OBJC_IMPLEMENTATIONS = YES;
				CLANG_WARN_DIRECT_OBJC_ISA_USAGE = YES_ERROR;
				CLANG_WARN_DOCUMENTATION_COMMENTS = YES;
				CLANG_WARN_EMPTY_BODY = YES;
				CLANG_WARN_ENUM_CONVERSION = YES;
				CLANG_WARN_INFINITE_RECURSION = YES;
				CLANG_WARN_INT_CONVERSION = YES;
				CLANG_WARN_NON_LITERAL_NULL_CONVERSION = YES;
				CLANG_WARN_OBJC_IMPLICIT_RETAIN_SELF = YES;
				CLANG_WARN_OBJC_LITERAL_CONVERSION = YES;
				CLANG_WARN_OBJC_ROOT_CLASS = YES_ERROR;
				CLANG_WARN_QUOTED_INCLUDE_IN_FRAMEWORK_HEADER = YES;
				CLANG_WARN_RANGE_LOOP_ANALYSIS = YES;
				CLANG_WARN_STRICT_PROTOTYPES = YES;
				CLANG_WARN_SUSPICIOUS_MOVE = YES;
				CLANG_WARN_UNGUARDED_AVAILABILITY = YES_AGGRESSIVE;
				CLANG_WARN_UNREACHABLE_CODE = YES;
				CLANG_WARN__DUPLICATE_METHOD_MATCH = YES;
				COPY_PHASE_STRIP = NO;
				DEBUG_INFORMATION_FORMAT = "dwarf-with-dsym";
				ENABLE_NS_ASSERTIONS = NO;
				ENABLE_STRICT_OBJC_MSGSEND = YES;
				GCC_C_LANGUAGE_STANDARD = gnu11;
				GCC_NO_COMMON_BLOCKS = YES;
				GCC_WARN_64_TO_32_BIT_CONVERSION = YES;
				GCC_WARN_ABOUT_RETURN_TYPE = YES_ERROR;
				GCC_WARN_UNDECLARED_SELECTOR = YES;
				GCC_WARN_UNINITIALIZED_AUTOS = YES_AGGRESSIVE;
				GCC_WARN_UNUSED_FUNCTION = YES;
				GCC_WARN_UNUSED_VARIABLE = YES;
				IPHONEOS_DEPLOYMENT_TARGET = 16.2;
				MTL_ENABLE_DEBUG_INFO = NO;
				MTL_FAST_MATH = YES;
				SDKROOT = iphoneos;
				SWIFT_COMPILATION_MODE = wholemodule;
				SWIFT_OPTIMIZATION_LEVEL = "-O";
				VALIDATE_PRODUCT = YES;
			};
			name = Release;
		};
		4F4ABE972B11FC70000D8766 /* Debug */ = {
			isa = XCBuildConfiguration;
			buildSettings = {
				ASSETCATALOG_COMPILER_APPICON_NAME = AppIcon;
				ASSETCATALOG_COMPILER_GLOBAL_ACCENT_COLOR_NAME = AccentColor;
				CODE_SIGN_STYLE = Automatic;
				CURRENT_PROJECT_VERSION = 1;
				GENERATE_INFOPLIST_FILE = YES;
				INFOPLIST_FILE = "Test-task-for-Roadmap24/Info.plist";
				INFOPLIST_KEY_UIApplicationSupportsIndirectInputEvents = YES;
				INFOPLIST_KEY_UILaunchStoryboardName = LaunchScreen.storyboard;
				INFOPLIST_KEY_UIMainStoryboardFile = Main;
				INFOPLIST_KEY_UISupportedInterfaceOrientations_iPad = "UIInterfaceOrientationPortrait UIInterfaceOrientationPortraitUpsideDown UIInterfaceOrientationLandscapeLeft UIInterfaceOrientationLandscapeRight";
				INFOPLIST_KEY_UISupportedInterfaceOrientations_iPhone = "UIInterfaceOrientationPortrait UIInterfaceOrientationLandscapeLeft UIInterfaceOrientationLandscapeRight";
				IPHONEOS_DEPLOYMENT_TARGET = 14.0;
				LD_RUNPATH_SEARCH_PATHS = (
					"$(inherited)",
					"@executable_path/Frameworks",
				);
				MARKETING_VERSION = 1.0;
				PRODUCT_BUNDLE_IDENTIFIER = "bestteamever.Test-task-for-Roadmap24";
				PRODUCT_NAME = "$(TARGET_NAME)";
				SWIFT_EMIT_LOC_STRINGS = YES;
				SWIFT_VERSION = 5.0;
				TARGETED_DEVICE_FAMILY = "1,2";
			};
			name = Debug;
		};
		4F4ABE982B11FC70000D8766 /* Release */ = {
			isa = XCBuildConfiguration;
			buildSettings = {
				ASSETCATALOG_COMPILER_APPICON_NAME = AppIcon;
				ASSETCATALOG_COMPILER_GLOBAL_ACCENT_COLOR_NAME = AccentColor;
				CODE_SIGN_STYLE = Automatic;
				CURRENT_PROJECT_VERSION = 1;
				GENERATE_INFOPLIST_FILE = YES;
				INFOPLIST_FILE = "Test-task-for-Roadmap24/Info.plist";
				INFOPLIST_KEY_UIApplicationSupportsIndirectInputEvents = YES;
				INFOPLIST_KEY_UILaunchStoryboardName = LaunchScreen.storyboard;
				INFOPLIST_KEY_UIMainStoryboardFile = Main;
				INFOPLIST_KEY_UISupportedInterfaceOrientations_iPad = "UIInterfaceOrientationPortrait UIInterfaceOrientationPortraitUpsideDown UIInterfaceOrientationLandscapeLeft UIInterfaceOrientationLandscapeRight";
				INFOPLIST_KEY_UISupportedInterfaceOrientations_iPhone = "UIInterfaceOrientationPortrait UIInterfaceOrientationLandscapeLeft UIInterfaceOrientationLandscapeRight";
				IPHONEOS_DEPLOYMENT_TARGET = 14.0;
				LD_RUNPATH_SEARCH_PATHS = (
					"$(inherited)",
					"@executable_path/Frameworks",
				);
				MARKETING_VERSION = 1.0;
				PRODUCT_BUNDLE_IDENTIFIER = "bestteamever.Test-task-for-Roadmap24";
				PRODUCT_NAME = "$(TARGET_NAME)";
				SWIFT_EMIT_LOC_STRINGS = YES;
				SWIFT_VERSION = 5.0;
				TARGETED_DEVICE_FAMILY = "1,2";
			};
			name = Release;
		};
/* End XCBuildConfiguration section */

/* Begin XCConfigurationList section */
		4F4ABE7D2B11FC6F000D8766 /* Build configuration list for PBXProject "Test-task-for-Roadmap24" */ = {
			isa = XCConfigurationList;
			buildConfigurations = (
				4F4ABE942B11FC70000D8766 /* Debug */,
				4F4ABE952B11FC70000D8766 /* Release */,
			);
			defaultConfigurationIsVisible = 0;
			defaultConfigurationName = Release;
		};
		4F4ABE962B11FC70000D8766 /* Build configuration list for PBXNativeTarget "Test-task-for-Roadmap24" */ = {
			isa = XCConfigurationList;
			buildConfigurations = (
				4F4ABE972B11FC70000D8766 /* Debug */,
				4F4ABE982B11FC70000D8766 /* Release */,
			);
			defaultConfigurationIsVisible = 0;
			defaultConfigurationName = Release;
		};
/* End XCConfigurationList section */
	};
	rootObject = 4F4ABE7A2B11FC6F000D8766 /* Project object */;
}
